
Microsoft Visual Studio Solution File, Format Version 12.00
# Visual Studio Version 17
VisualStudioVersion = 17.0.31903.59
MinimumVisualStudioVersion = 10.0.40219.1
Project("{FAE04EC0-301F-11D3-BF4B-00C04F79EFBC}") = "Airplane", "Airplane\Airplane.csproj", "{8A745360-82BE-407A-AC3B-9A7CA3BE88A2}"
EndProject
Project("{FAE04EC0-301F-11D3-BF4B-00C04F79EFBC}") = "Helicopter", "Helicopter\Helicopter.csproj", "{36196039-33E7-44DB-A3E5-1D4E96232E84}"
EndProject
Project("{FAE04EC0-301F-11D3-BF4B-00C04F79EFBC}") = "Quadcopter", "Quadcopter\Quadcopter.csproj", "{855BE457-EB92-401C-8E11-F8B923393949}"
EndProject
Project("{FAE04EC0-301F-11D3-BF4B-00C04F79EFBC}") = "Multirotor", "Multirotor\Multirotor.csproj", "{F4950099-4490-4DBF-A99D-33F50B11CE91}"
EndProject
Project("{FAE04EC0-301F-11D3-BF4B-00C04F79EFBC}") = "UAV", "UAV\UAV.csproj", "{168A58EB-DC29-4E11-AC0F-02B837865F2B}"
EndProject
Project("{FAE04EC0-301F-11D3-BF4B-00C04F79EFBC}") = "AgriculturalDrone", "AgriculturalDrone\AgriculturalDrone.csproj", "{44BC2CA0-3A9F-4DA4-8382-EF914EC31F2B}"
EndProject
Project("{FAE04EC0-301F-11D3-BF4B-00C04F79EFBC}") = "MAV", "MAV\MAV.csproj", "{23976153-17EF-4018-BB07-3BD90AE6B691}"
EndProject
Global
	GlobalSection(SolutionConfigurationPlatforms) = preSolution
		Debug|Any CPU = Debug|Any CPU
		Release|Any CPU = Release|Any CPU
	EndGlobalSection
	GlobalSection(SolutionProperties) = preSolution
		HideSolutionNode = FALSE
	EndGlobalSection
	GlobalSection(ProjectConfigurationPlatforms) = postSolution
		{8A745360-82BE-407A-AC3B-9A7CA3BE88A2}.Debug|Any CPU.ActiveCfg = Debug|Any CPU
		{8A745360-82BE-407A-AC3B-9A7CA3BE88A2}.Debug|Any CPU.Build.0 = Debug|Any CPU
		{8A745360-82BE-407A-AC3B-9A7CA3BE88A2}.Release|Any CPU.ActiveCfg = Release|Any CPU
		{8A745360-82BE-407A-AC3B-9A7CA3BE88A2}.Release|Any CPU.Build.0 = Release|Any CPU
		{36196039-33E7-44DB-A3E5-1D4E96232E84}.Debug|Any CPU.ActiveCfg = Debug|Any CPU
		{36196039-33E7-44DB-A3E5-1D4E96232E84}.Debug|Any CPU.Build.0 = Debug|Any CPU
		{36196039-33E7-44DB-A3E5-1D4E96232E84}.Release|Any CPU.ActiveCfg = Release|Any CPU
		{36196039-33E7-44DB-A3E5-1D4E96232E84}.Release|Any CPU.Build.0 = Release|Any CPU
		{855BE457-EB92-401C-8E11-F8B923393949}.Debug|Any CPU.ActiveCfg = Debug|Any CPU
		{855BE457-EB92-401C-8E11-F8B923393949}.Debug|Any CPU.Build.0 = Debug|Any CPU
		{855BE457-EB92-401C-8E11-F8B923393949}.Release|Any CPU.ActiveCfg = Release|Any CPU
		{855BE457-EB92-401C-8E11-F8B923393949}.Release|Any CPU.Build.0 = Release|Any CPU
		{F4950099-4490-4DBF-A99D-33F50B11CE91}.Debug|Any CPU.ActiveCfg = Debug|Any CPU
		{F4950099-4490-4DBF-A99D-33F50B11CE91}.Debug|Any CPU.Build.0 = Debug|Any CPU
		{F4950099-4490-4DBF-A99D-33F50B11CE91}.Release|Any CPU.ActiveCfg = Release|Any CPU
		{F4950099-4490-4DBF-A99D-33F50B11CE91}.Release|Any CPU.Build.0 = Release|Any CPU
		{168A58EB-DC29-4E11-AC0F-02B837865F2B}.Debug|Any CPU.ActiveCfg = Debug|Any CPU
		{168A58EB-DC29-4E11-AC0F-02B837865F2B}.Debug|Any CPU.Build.0 = Debug|Any CPU
		{168A58EB-DC29-4E11-AC0F-02B837865F2B}.Release|Any CPU.ActiveCfg = Release|Any CPU
		{168A58EB-DC29-4E11-AC0F-02B837865F2B}.Release|Any CPU.Build.0 = Release|Any CPU
		{44BC2CA0-3A9F-4DA4-8382-EF914EC31F2B}.Debug|Any CPU.ActiveCfg = Debug|Any CPU
		{44BC2CA0-3A9F-4DA4-8382-EF914EC31F2B}.Debug|Any CPU.Build.0 = Debug|Any CPU
		{44BC2CA0-3A9F-4DA4-8382-EF914EC31F2B}.Release|Any CPU.ActiveCfg = Release|Any CPU
		{44BC2CA0-3A9F-4DA4-8382-EF914EC31F2B}.Release|Any CPU.Build.0 = Release|Any CPU
		{23976153-17EF-4018-BB07-3BD90AE6B691}.Debug|Any CPU.ActiveCfg = Debug|Any CPU
		{23976153-17EF-4018-BB07-3BD90AE6B691}.Debug|Any CPU.Build.0 = Debug|Any CPU
		{23976153-17EF-4018-BB07-3BD90AE6B691}.Release|Any CPU.ActiveCfg = Release|Any CPU
		{23976153-17EF-4018-BB07-3BD90AE6B691}.Release|Any CPU.Build.0 = Release|Any CPU
	EndGlobalSection
EndGlobal
